
Microsoft Visual Studio Solution File, Format Version 12.00
# Visual Studio Version 17
VisualStudioVersion = 17.14.36221.1 d17.14
MinimumVisualStudioVersion = 10.0.40219.1
Project("{FAE04EC0-301F-11D3-BF4B-00C04F79EFBC}") = "Challenge", "Challenge\Challenge.csproj", "{74B63859-B1C0-4483-9985-837C7E268B78}"
EndProject
Global
	GlobalSection(SolutionConfigurationPlatforms) = preSolution
		Debug|Any CPU = Debug|Any CPU
		Release|Any CPU = Release|Any CPU
	EndGlobalSection
	GlobalSection(ProjectConfigurationPlatforms) = postSolution
		{74B63859-B1C0-4483-9985-837C7E268B78}.Debug|Any CPU.ActiveCfg = Debug|Any CPU
		{74B63859-B1C0-4483-9985-837C7E268B78}.Debug|Any CPU.Build.0 = Debug|Any CPU
		{74B63859-B1C0-4483-9985-837C7E268B78}.Release|Any CPU.ActiveCfg = Release|Any CPU
		{74B63859-B1C0-4483-9985-837C7E268B78}.Release|Any CPU.Build.0 = Release|Any CPU
	EndGlobalSection
	GlobalSection(SolutionProperties) = preSolution
		HideSolutionNode = FALSE
	EndGlobalSection
	GlobalSection(ExtensibilityGlobals) = postSolution
		SolutionGuid = {2242AABD-83F2-4C6E-9BFC-DBD3CF1796C0}
	EndGlobalSection
EndGlobal
